
Microsoft Visual Studio Solution File, Format Version 12.00
Project("{FAE04EC0-301F-11D3-BF4B-00C04F79EFBC}") = "AlboV2.DiscordBot", "AlboV2.DiscordBot\AlboV2.DiscordBot.csproj", "{D04D6838-533C-4354-8628-352B7D66FAF4}"
EndProject
Project("{FAE04EC0-301F-11D3-BF4B-00C04F79EFBC}") = "AlboV2.Features", "AlboV2.Features\AlboV2.Features.csproj", "{F197C98C-578F-41DA-A277-B2756C6E1BE7}"
EndProject
Project("{FAE04EC0-301F-11D3-BF4B-00C04F79EFBC}") = "AlboV2.Tests", "AlboV2.Tests\AlboV2.Tests.csproj", "{C1660643-A9AE-4F8B-83FF-DFA228F466A8}"
EndProject
Project("{FAE04EC0-301F-11D3-BF4B-00C04F79EFBC}") = "AlboV2.Shared", "AlboV2.Shared\AlboV2.Shared.csproj", "{23358198-D572-438B-858B-67C7A53153C3}"
EndProject
Global
	GlobalSection(SolutionConfigurationPlatforms) = preSolution
		Debug|Any CPU = Debug|Any CPU
		Release|Any CPU = Release|Any CPU
	EndGlobalSection
	GlobalSection(ProjectConfigurationPlatforms) = postSolution
		{D04D6838-533C-4354-8628-352B7D66FAF4}.Debug|Any CPU.ActiveCfg = Debug|Any CPU
		{D04D6838-533C-4354-8628-352B7D66FAF4}.Debug|Any CPU.Build.0 = Debug|Any CPU
		{D04D6838-533C-4354-8628-352B7D66FAF4}.Release|Any CPU.ActiveCfg = Release|Any CPU
		{D04D6838-533C-4354-8628-352B7D66FAF4}.Release|Any CPU.Build.0 = Release|Any CPU
		{F197C98C-578F-41DA-A277-B2756C6E1BE7}.Debug|Any CPU.ActiveCfg = Debug|Any CPU
		{F197C98C-578F-41DA-A277-B2756C6E1BE7}.Debug|Any CPU.Build.0 = Debug|Any CPU
		{F197C98C-578F-41DA-A277-B2756C6E1BE7}.Release|Any CPU.ActiveCfg = Release|Any CPU
		{F197C98C-578F-41DA-A277-B2756C6E1BE7}.Release|Any CPU.Build.0 = Release|Any CPU
		{C1660643-A9AE-4F8B-83FF-DFA228F466A8}.Debug|Any CPU.ActiveCfg = Debug|Any CPU
		{C1660643-A9AE-4F8B-83FF-DFA228F466A8}.Debug|Any CPU.Build.0 = Debug|Any CPU
		{C1660643-A9AE-4F8B-83FF-DFA228F466A8}.Release|Any CPU.ActiveCfg = Release|Any CPU
		{C1660643-A9AE-4F8B-83FF-DFA228F466A8}.Release|Any CPU.Build.0 = Release|Any CPU
		{23358198-D572-438B-858B-67C7A53153C3}.Debug|Any CPU.ActiveCfg = Debug|Any CPU
		{23358198-D572-438B-858B-67C7A53153C3}.Debug|Any CPU.Build.0 = Debug|Any CPU
		{23358198-D572-438B-858B-67C7A53153C3}.Release|Any CPU.ActiveCfg = Release|Any CPU
		{23358198-D572-438B-858B-67C7A53153C3}.Release|Any CPU.Build.0 = Release|Any CPU
	EndGlobalSection
EndGlobal
